
Microsoft Visual Studio Solution File, Format Version 11.00
# Visual Studio 2010
Project("{FAE04EC0-301F-11D3-BF4B-00C04F79EFBC}") = "sendash", "sendash\sendash.csproj", "{55C246F8-D484-448E-AF7C-BB6357476DA7}"
EndProject
Project("{54435603-DBB4-11D2-8724-00A0C9A8B90C}") = "sendash-install", "orbitaldrop\orbitaldrop.vdproj", "{927F3978-BAD4-4FC3-B7B7-7674C10F9421}"
EndProject
Global
	GlobalSection(SolutionConfigurationPlatforms) = preSolution
		Debug|Any CPU = Debug|Any CPU
		Debug|x86 = Debug|x86
		Release|Any CPU = Release|Any CPU
		Release|x86 = Release|x86
	EndGlobalSection
	GlobalSection(ProjectConfigurationPlatforms) = postSolution
		{55C246F8-D484-448E-AF7C-BB6357476DA7}.Debug|Any CPU.ActiveCfg = Release|Any CPU
		{55C246F8-D484-448E-AF7C-BB6357476DA7}.Debug|Any CPU.Build.0 = Release|Any CPU
		{55C246F8-D484-448E-AF7C-BB6357476DA7}.Debug|x86.ActiveCfg = Release|x86
		{55C246F8-D484-448E-AF7C-BB6357476DA7}.Debug|x86.Build.0 = Release|x86
		{55C246F8-D484-448E-AF7C-BB6357476DA7}.Release|Any CPU.ActiveCfg = Release|Any CPU
		{55C246F8-D484-448E-AF7C-BB6357476DA7}.Release|Any CPU.Build.0 = Release|Any CPU
		{55C246F8-D484-448E-AF7C-BB6357476DA7}.Release|x86.ActiveCfg = Release|x86
		{55C246F8-D484-448E-AF7C-BB6357476DA7}.Release|x86.Build.0 = Release|x86
		{927F3978-BAD4-4FC3-B7B7-7674C10F9421}.Debug|Any CPU.ActiveCfg = Release
		{927F3978-BAD4-4FC3-B7B7-7674C10F9421}.Debug|Any CPU.Build.0 = Release
		{927F3978-BAD4-4FC3-B7B7-7674C10F9421}.Debug|x86.ActiveCfg = Debug
		{927F3978-BAD4-4FC3-B7B7-7674C10F9421}.Release|Any CPU.ActiveCfg = Release
		{927F3978-BAD4-4FC3-B7B7-7674C10F9421}.Release|Any CPU.Build.0 = Release
		{927F3978-BAD4-4FC3-B7B7-7674C10F9421}.Release|x86.ActiveCfg = Release
	EndGlobalSection
	GlobalSection(SolutionProperties) = preSolution
		HideSolutionNode = FALSE
	EndGlobalSection
EndGlobal
